// !$*UTF8*$!
{
	archiveVersion = 1;
	classes = {
	};
	objectVersion = 55;
	objects = {

/* Begin PBXBuildFile section */
		04DE752F2828E4DE00B4DD62 /* AppDelegate.swift in Sources */ = {isa = PBXBuildFile; fileRef = 04DE752E2828E4DE00B4DD62 /* AppDelegate.swift */; };
		04DE75312828E4DE00B4DD62 /* SceneDelegate.swift in Sources */ = {isa = PBXBuildFile; fileRef = 04DE75302828E4DE00B4DD62 /* SceneDelegate.swift */; };
		04DE75332828E4DE00B4DD62 /* ViewController.swift in Sources */ = {isa = PBXBuildFile; fileRef = 04DE75322828E4DE00B4DD62 /* ViewController.swift */; };
		04DE75362828E4DE00B4DD62 /* Main.storyboard in Resources */ = {isa = PBXBuildFile; fileRef = 04DE75342828E4DE00B4DD62 /* Main.storyboard */; };
		04DE75382828E4E100B4DD62 /* Assets.xcassets in Resources */ = {isa = PBXBuildFile; fileRef = 04DE75372828E4E100B4DD62 /* Assets.xcassets */; };
		04DE753B2828E4E100B4DD62 /* LaunchScreen.storyboard in Resources */ = {isa = PBXBuildFile; fileRef = 04DE75392828E4E100B4DD62 /* LaunchScreen.storyboard */; };
		A383C66F5D87E3F650AA6155 /* Pods_DISwinject.framework in Frameworks */ = {isa = PBXBuildFile; fileRef = 127CE6D68936D80CC4E51748 /* Pods_DISwinject.framework */; };
/* End PBXBuildFile section */

/* Begin PBXFileReference section */
		04DE752B2828E4DE00B4DD62 /* DISwinject.app */ = {isa = PBXFileReference; explicitFileType = wrapper.application; includeInIndex = 0; path = DISwinject.app; sourceTree = BUILT_PRODUCTS_DIR; };
		04DE752E2828E4DE00B4DD62 /* AppDelegate.swift */ = {isa = PBXFileReference; lastKnownFileType = sourcecode.swift; path = AppDelegate.swift; sourceTree = "<group>"; };
		04DE75302828E4DE00B4DD62 /* SceneDelegate.swift */ = {isa = PBXFileReference; lastKnownFileType = sourcecode.swift; path = SceneDelegate.swift; sourceTree = "<group>"; };
		04DE75322828E4DE00B4DD62 /* ViewController.swift */ = {isa = PBXFileReference; lastKnownFileType = sourcecode.swift; path = ViewController.swift; sourceTree = "<group>"; };
		04DE75352828E4DE00B4DD62 /* Base */ = {isa = PBXFileReference; lastKnownFileType = file.storyboard; name = Base; path = Base.lproj/Main.storyboard; sourceTree = "<group>"; };
		04DE75372828E4E100B4DD62 /* Assets.xcassets */ = {isa = PBXFileReference; lastKnownFileType = folder.assetcatalog; path = Assets.xcassets; sourceTree = "<group>"; };
		04DE753A2828E4E100B4DD62 /* Base */ = {isa = PBXFileReference; lastKnownFileType = file.storyboard; name = Base; path = Base.lproj/LaunchScreen.storyboard; sourceTree = "<group>"; };
		04DE753C2828E4E100B4DD62 /* Info.plist */ = {isa = PBXFileReference; lastKnownFileType = text.plist.xml; path = Info.plist; sourceTree = "<group>"; };
		127CE6D68936D80CC4E51748 /* Pods_DISwinject.framework */ = {isa = PBXFileReference; explicitFileType = wrapper.framework; includeInIndex = 0; path = Pods_DISwinject.framework; sourceTree = BUILT_PRODUCTS_DIR; };
		28D8EB2EBD9D175591BE8831 /* Pods-DISwinject.release.xcconfig */ = {isa = PBXFileReference; includeInIndex = 1; lastKnownFileType = text.xcconfig; name = "Pods-DISwinject.release.xcconfig"; path = "Target Support Files/Pods-DISwinject/Pods-DISwinject.release.xcconfig"; sourceTree = "<group>"; };
		73041020A8FE7ACAC878CD46 /* Pods-DISwinject.debug.xcconfig */ = {isa = PBXFileReference; includeInIndex = 1; lastKnownFileType = text.xcconfig; name = "Pods-DISwinject.debug.xcconfig"; path = "Target Support Files/Pods-DISwinject/Pods-DISwinject.debug.xcconfig"; sourceTree = "<group>"; };
/* End PBXFileReference section */

/* Begin PBXFrameworksBuildPhase section */
		04DE75282828E4DE00B4DD62 /* Frameworks */ = {
			isa = PBXFrameworksBuildPhase;
			buildActionMask = 2147483647;
			files = (
				A383C66F5D87E3F650AA6155 /* Pods_DISwinject.framework in Frameworks */,
			);
			runOnlyForDeploymentPostprocessing = 0;
		};
/* End PBXFrameworksBuildPhase section */

/* Begin PBXGroup section */
		04DE75222828E4DE00B4DD62 = {
			isa = PBXGroup;
			children = (
				04DE752D2828E4DE00B4DD62 /* DISwinject */,
				04DE752C2828E4DE00B4DD62 /* Products */,
				56D1E4497880E92EB7F3EB1F /* Pods */,
				9EB2CFF804A0EEC30AFFE402 /* Frameworks */,
			);
			sourceTree = "<group>";
		};
		04DE752C2828E4DE00B4DD62 /* Products */ = {
			isa = PBXGroup;
			children = (
				04DE752B2828E4DE00B4DD62 /* DISwinject.app */,
			);
			name = Products;
			sourceTree = "<group>";
		};
		04DE752D2828E4DE00B4DD62 /* DISwinject */ = {
			isa = PBXGroup;
			children = (
				04DE752E2828E4DE00B4DD62 /* AppDelegate.swift */,
				04DE75302828E4DE00B4DD62 /* SceneDelegate.swift */,
				04DE75322828E4DE00B4DD62 /* ViewController.swift */,
				04DE75342828E4DE00B4DD62 /* Main.storyboard */,
				04DE75372828E4E100B4DD62 /* Assets.xcassets */,
				04DE75392828E4E100B4DD62 /* LaunchScreen.storyboard */,
				04DE753C2828E4E100B4DD62 /* Info.plist */,
			);
			path = DISwinject;
			sourceTree = "<group>";
		};
		56D1E4497880E92EB7F3EB1F /* Pods */ = {
			isa = PBXGroup;
			children = (
				73041020A8FE7ACAC878CD46 /* Pods-DISwinject.debug.xcconfig */,
				28D8EB2EBD9D175591BE8831 /* Pods-DISwinject.release.xcconfig */,
			);
			name = Pods;
			path = Pods;
			sourceTree = "<group>";
		};
		9EB2CFF804A0EEC30AFFE402 /* Frameworks */ = {
			isa = PBXGroup;
			children = (
				127CE6D68936D80CC4E51748 /* Pods_DISwinject.framework */,
			);
			name = Frameworks;
			sourceTree = "<group>";
		};
/* End PBXGroup section */

/* Begin PBXNativeTarget section */
		04DE752A2828E4DE00B4DD62 /* DISwinject */ = {
			isa = PBXNativeTarget;
			buildConfigurationList = 04DE753F2828E4E100B4DD62 /* Build configuration list for PBXNativeTarget "DISwinject" */;
			buildPhases = (
				EC005A5B60C635610EA1BB61 /* [CP] Check Pods Manifest.lock */,
				04DE75272828E4DE00B4DD62 /* Sources */,
				04DE75282828E4DE00B4DD62 /* Frameworks */,
				04DE75292828E4DE00B4DD62 /* Resources */,
				63FEE6BD144D28B63BA65C31 /* [CP] Embed Pods Frameworks */,
			);
			buildRules = (
			);
			dependencies = (
			);
			name = DISwinject;
			productName = DISwinject;
			productReference = 04DE752B2828E4DE00B4DD62 /* DISwinject.app */;
			productType = "com.apple.product-type.application";
		};
/* End PBXNativeTarget section */

/* Begin PBXProject section */
		04DE75232828E4DE00B4DD62 /* Project object */ = {
			isa = PBXProject;
			attributes = {
				BuildIndependentTargetsInParallel = 1;
				LastSwiftUpdateCheck = 1330;
				LastUpgradeCheck = 1330;
				TargetAttributes = {
					04DE752A2828E4DE00B4DD62 = {
						CreatedOnToolsVersion = 13.3.1;
					};
				};
			};
			buildConfigurationList = 04DE75262828E4DE00B4DD62 /* Build configuration list for PBXProject "DISwinject" */;
			compatibilityVersion = "Xcode 13.0";
			developmentRegion = en;
			hasScannedForEncodings = 0;
			knownRegions = (
				en,
				Base,
			);
			mainGroup = 04DE75222828E4DE00B4DD62;
			productRefGroup = 04DE752C2828E4DE00B4DD62 /* Products */;
			projectDirPath = "";
			projectRoot = "";
			targets = (
				04DE752A2828E4DE00B4DD62 /* DISwinject */,
			);
		};
/* End PBXProject section */

/* Begin PBXResourcesBuildPhase section */
		04DE75292828E4DE00B4DD62 /* Resources */ = {
			isa = PBXResourcesBuildPhase;
			buildActionMask = 2147483647;
			files = (
				04DE753B2828E4E100B4DD62 /* LaunchScreen.storyboard in Resources */,
				04DE75382828E4E100B4DD62 /* Assets.xcassets in Resources */,
				04DE75362828E4DE00B4DD62 /* Main.storyboard in Resources */,
			);
			runOnlyForDeploymentPostprocessing = 0;
		};
/* End PBXResourcesBuildPhase section */

/* Begin PBXShellScriptBuildPhase section */
		63FEE6BD144D28B63BA65C31 /* [CP] Embed Pods Frameworks */ = {
			isa = PBXShellScriptBuildPhase;
			buildActionMask = 2147483647;
			files = (
			);
			inputFileListPaths = (
				"${PODS_ROOT}/Target Support Files/Pods-DISwinject/Pods-DISwinject-frameworks-${CONFIGURATION}-input-files.xcfilelist",
			);
			name = "[CP] Embed Pods Frameworks";
			outputFileListPaths = (
				"${PODS_ROOT}/Target Support Files/Pods-DISwinject/Pods-DISwinject-frameworks-${CONFIGURATION}-output-files.xcfilelist",
			);
			runOnlyForDeploymentPostprocessing = 0;
			shellPath = /bin/sh;
			shellScript = "\"${PODS_ROOT}/Target Support Files/Pods-DISwinject/Pods-DISwinject-frameworks.sh\"\n";
			showEnvVarsInLog = 0;
		};
		EC005A5B60C635610EA1BB61 /* [CP] Check Pods Manifest.lock */ = {
			isa = PBXShellScriptBuildPhase;
			buildActionMask = 2147483647;
			files = (
			);
			inputFileListPaths = (
			);
			inputPaths = (
				"${PODS_PODFILE_DIR_PATH}/Podfile.lock",
				"${PODS_ROOT}/Manifest.lock",
			);
			name = "[CP] Check Pods Manifest.lock";
			outputFileListPaths = (
			);
			outputPaths = (
				"$(DERIVED_FILE_DIR)/Pods-DISwinject-checkManifestLockResult.txt",
			);
			runOnlyForDeploymentPostprocessing = 0;
			shellPath = /bin/sh;
			shellScript = "diff \"${PODS_PODFILE_DIR_PATH}/Podfile.lock\" \"${PODS_ROOT}/Manifest.lock\" > /dev/null\nif [ $? != 0 ] ; then\n    # print error to STDERR\n    echo \"error: The sandbox is not in sync with the Podfile.lock. Run 'pod install' or update your CocoaPods installation.\" >&2\n    exit 1\nfi\n# This output is used by Xcode 'outputs' to avoid re-running this script phase.\necho \"SUCCESS\" > \"${SCRIPT_OUTPUT_FILE_0}\"\n";
			showEnvVarsInLog = 0;
		};
/* End PBXShellScriptBuildPhase section */

/* Begin PBXSourcesBuildPhase section */
		04DE75272828E4DE00B4DD62 /* Sources */ = {
			isa = PBXSourcesBuildPhase;
			buildActionMask = 2147483647;
			files = (
				04DE75332828E4DE00B4DD62 /* ViewController.swift in Sources */,
				04DE752F2828E4DE00B4DD62 /* AppDelegate.swift in Sources */,
				04DE75312828E4DE00B4DD62 /* SceneDelegate.swift in Sources */,
			);
			runOnlyForDeploymentPostprocessing = 0;
		};
/* End PBXSourcesBuildPhase section */

/* Begin PBXVariantGroup section */
		04DE75342828E4DE00B4DD62 /* Main.storyboard */ = {
			isa = PBXVariantGroup;
			children = (
				04DE75352828E4DE00B4DD62 /* Base */,
			);
			name = Main.storyboard;
			sourceTree = "<group>";
		};
		04DE75392828E4E100B4DD62 /* LaunchScreen.storyboard */ = {
			isa = PBXVariantGroup;
			children = (
				04DE753A2828E4E100B4DD62 /* Base */,
			);
			name = LaunchScreen.storyboard;
			sourceTree = "<group>";
		};
/* End PBXVariantGroup section */

/* Begin XCBuildConfiguration section */
		04DE753D2828E4E100B4DD62 /* Debug */ = {
			isa = XCBuildConfiguration;
			buildSettings = {
				ALWAYS_SEARCH_USER_PATHS = NO;
				CLANG_ANALYZER_NONNULL = YES;
				CLANG_ANALYZER_NUMBER_OBJECT_CONVERSION = YES_AGGRESSIVE;
				CLANG_CXX_LANGUAGE_STANDARD = "gnu++17";
				CLANG_ENABLE_MODULES = YES;
				CLANG_ENABLE_OBJC_ARC = YES;
				CLANG_ENABLE_OBJC_WEAK = YES;
				CLANG_WARN_BLOCK_CAPTURE_AUTORELEASING = YES;
				CLANG_WARN_BOOL_CONVERSION = YES;
				CLANG_WARN_COMMA = YES;
				CLANG_WARN_CONSTANT_CONVERSION = YES;
				CLANG_WARN_DEPRECATED_OBJC_IMPLEMENTATIONS = YES;
				CLANG_WARN_DIRECT_OBJC_ISA_USAGE = YES_ERROR;
				CLANG_WARN_DOCUMENTATION_COMMENTS = YES;
				CLANG_WARN_EMPTY_BODY = YES;
				CLANG_WARN_ENUM_CONVERSION = YES;
				CLANG_WARN_INFINITE_RECURSION = YES;
				CLANG_WARN_INT_CONVERSION = YES;
				CLANG_WARN_NON_LITERAL_NULL_CONVERSION = YES;
				CLANG_WARN_OBJC_IMPLICIT_RETAIN_SELF = YES;
				CLANG_WARN_OBJC_LITERAL_CONVERSION = YES;
				CLANG_WARN_OBJC_ROOT_CLASS = YES_ERROR;
				CLANG_WARN_QUOTED_INCLUDE_IN_FRAMEWORK_HEADER = YES;
				CLANG_WARN_RANGE_LOOP_ANALYSIS = YES;
				CLANG_WARN_STRICT_PROTOTYPES = YES;
				CLANG_WARN_SUSPICIOUS_MOVE = YES;
				CLANG_WARN_UNGUARDED_AVAILABILITY = YES_AGGRESSIVE;
				CLANG_WARN_UNREACHABLE_CODE = YES;
				CLANG_WARN__DUPLICATE_METHOD_MATCH = YES;
				COPY_PHASE_STRIP = NO;
				DEBUG_INFORMATION_FORMAT = dwarf;
				ENABLE_STRICT_OBJC_MSGSEND = YES;
				ENABLE_TESTABILITY = YES;
				GCC_C_LANGUAGE_STANDARD = gnu11;
				GCC_DYNAMIC_NO_PIC = NO;
				GCC_NO_COMMON_BLOCKS = YES;
				GCC_OPTIMIZATION_LEVEL = 0;
				GCC_PREPROCESSOR_DEFINITIONS = (
					"DEBUG=1",
					"$(inherited)",
				);
				GCC_WARN_64_TO_32_BIT_CONVERSION = YES;
				GCC_WARN_ABOUT_RETURN_TYPE = YES_ERROR;
				GCC_WARN_UNDECLARED_SELECTOR = YES;
				GCC_WARN_UNINITIALIZED_AUTOS = YES_AGGRESSIVE;
				GCC_WARN_UNUSED_FUNCTION = YES;
				GCC_WARN_UNUSED_VARIABLE = YES;
				IPHONEOS_DEPLOYMENT_TARGET = 15.4;
				MTL_ENABLE_DEBUG_INFO = INCLUDE_SOURCE;
				MTL_FAST_MATH = YES;
				ONLY_ACTIVE_ARCH = YES;
				SDKROOT = iphoneos;
				SWIFT_ACTIVE_COMPILATION_CONDITIONS = DEBUG;
				SWIFT_OPTIMIZATION_LEVEL = "-Onone";
			};
			name = Debug;
		};
		04DE753E2828E4E100B4DD62 /* Release */ = {
			isa = XCBuildConfiguration;
			buildSettings = {
				ALWAYS_SEARCH_USER_PATHS = NO;
				CLANG_ANALYZER_NONNULL = YES;
				CLANG_ANALYZER_NUMBER_OBJECT_CONVERSION = YES_AGGRESSIVE;
				CLANG_CXX_LANGUAGE_STANDARD = "gnu++17";
				CLANG_ENABLE_MODULES = YES;
				CLANG_ENABLE_OBJC_ARC = YES;
				CLANG_ENABLE_OBJC_WEAK = YES;
				CLANG_WARN_BLOCK_CAPTURE_AUTORELEASING = YES;
				CLANG_WARN_BOOL_CONVERSION = YES;
				CLANG_WARN_COMMA = YES;
				CLANG_WARN_CONSTANT_CONVERSION = YES;
				CLANG_WARN_DEPRECATED_OBJC_IMPLEMENTATIONS = YES;
				CLANG_WARN_DIRECT_OBJC_ISA_USAGE = YES_ERROR;
				CLANG_WARN_DOCUMENTATION_COMMENTS = YES;
				CLANG_WARN_EMPTY_BODY = YES;
				CLANG_WARN_ENUM_CONVERSION = YES;
				CLANG_WARN_INFINITE_RECURSION = YES;
				CLANG_WARN_INT_CONVERSION = YES;
				CLANG_WARN_NON_LITERAL_NULL_CONVERSION = YES;
				CLANG_WARN_OBJC_IMPLICIT_RETAIN_SELF = YES;
				CLANG_WARN_OBJC_LITERAL_CONVERSION = YES;
				CLANG_WARN_OBJC_ROOT_CLASS = YES_ERROR;
				CLANG_WARN_QUOTED_INCLUDE_IN_FRAMEWORK_HEADER = YES;
				CLANG_WARN_RANGE_LOOP_ANALYSIS = YES;
				CLANG_WARN_STRICT_PROTOTYPES = YES;
				CLANG_WARN_SUSPICIOUS_MOVE = YES;
				CLANG_WARN_UNGUARDED_AVAILABILITY = YES_AGGRESSIVE;
				CLANG_WARN_UNREACHABLE_CODE = YES;
				CLANG_WARN__DUPLICATE_METHOD_MATCH = YES;
				COPY_PHASE_STRIP = NO;
				DEBUG_INFORMATION_FORMAT = "dwarf-with-dsym";
				ENABLE_NS_ASSERTIONS = NO;
				ENABLE_STRICT_OBJC_MSGSEND = YES;
				GCC_C_LANGUAGE_STANDARD = gnu11;
				GCC_NO_COMMON_BLOCKS = YES;
				GCC_WARN_64_TO_32_BIT_CONVERSION = YES;
				GCC_WARN_ABOUT_RETURN_TYPE = YES_ERROR;
				GCC_WARN_UNDECLARED_SELECTOR = YES;
				GCC_WARN_UNINITIALIZED_AUTOS = YES_AGGRESSIVE;
				GCC_WARN_UNUSED_FUNCTION = YES;
				GCC_WARN_UNUSED_VARIABLE = YES;
				IPHONEOS_DEPLOYMENT_TARGET = 15.4;
				MTL_ENABLE_DEBUG_INFO = NO;
				MTL_FAST_MATH = YES;
				SDKROOT = iphoneos;
				SWIFT_COMPILATION_MODE = wholemodule;
				SWIFT_OPTIMIZATION_LEVEL = "-O";
				VALIDATE_PRODUCT = YES;
			};
			name = Release;
		};
		04DE75402828E4E100B4DD62 /* Debug */ = {
			isa = XCBuildConfiguration;
			baseConfigurationReference = 73041020A8FE7ACAC878CD46 /* Pods-DISwinject.debug.xcconfig */;
			buildSettings = {
				ASSETCATALOG_COMPILER_APPICON_NAME = AppIcon;
				ASSETCATALOG_COMPILER_GLOBAL_ACCENT_COLOR_NAME = AccentColor;
				CODE_SIGN_STYLE = Automatic;
				CURRENT_PROJECT_VERSION = 1;
				GENERATE_INFOPLIST_FILE = YES;
				INFOPLIST_FILE = DISwinject/Info.plist;
				INFOPLIST_KEY_UIApplicationSupportsIndirectInputEvents = YES;
				INFOPLIST_KEY_UILaunchStoryboardName = LaunchScreen;
				INFOPLIST_KEY_UIMainStoryboardFile = Main;
				INFOPLIST_KEY_UISupportedInterfaceOrientations_iPad = "UIInterfaceOrientationPortrait UIInterfaceOrientationPortraitUpsideDown UIInterfaceOrientationLandscapeLeft UIInterfaceOrientationLandscapeRight";
				INFOPLIST_KEY_UISupportedInterfaceOrientations_iPhone = "UIInterfaceOrientationPortrait UIInterfaceOrientationLandscapeLeft UIInterfaceOrientationLandscapeRight";
				LD_RUNPATH_SEARCH_PATHS = (
					"$(inherited)",
					"@executable_path/Frameworks",
				);
				MARKETING_VERSION = 1.0;
				PRODUCT_BUNDLE_IDENTIFIER = "Usman-Kulaha.DISwinject";
				PRODUCT_NAME = "$(TARGET_NAME)";
				SWIFT_EMIT_LOC_STRINGS = YES;
				SWIFT_VERSION = 5.0;
				TARGETED_DEVICE_FAMILY = "1,2";
			};
			name = Debug;
		};
		04DE75412828E4E100B4DD62 /* Release */ = {
			isa = XCBuildConfiguration;
			baseConfigurationReference = 28D8EB2EBD9D175591BE8831 /* Pods-DISwinject.release.xcconfig */;
			buildSettings = {
				ASSETCATALOG_COMPILER_APPICON_NAME = AppIcon;
				ASSETCATALOG_COMPILER_GLOBAL_ACCENT_COLOR_NAME = AccentColor;
				CODE_SIGN_STYLE = Automatic;
				CURRENT_PROJECT_VERSION = 1;
				GENERATE_INFOPLIST_FILE = YES;
				INFOPLIST_FILE = DISwinject/Info.plist;
				INFOPLIST_KEY_UIApplicationSupportsIndirectInputEvents = YES;
				INFOPLIST_KEY_UILaunchStoryboardName = LaunchScreen;
				INFOPLIST_KEY_UIMainStoryboardFile = Main;
				INFOPLIST_KEY_UISupportedInterfaceOrientations_iPad = "UIInterfaceOrientationPortrait UIInterfaceOrientationPortraitUpsideDown UIInterfaceOrientationLandscapeLeft UIInterfaceOrientationLandscapeRight";
				INFOPLIST_KEY_UISupportedInterfaceOrientations_iPhone = "UIInterfaceOrientationPortrait UIInterfaceOrientationLandscapeLeft UIInterfaceOrientationLandscapeRight";
				LD_RUNPATH_SEARCH_PATHS = (
					"$(inherited)",
					"@executable_path/Frameworks",
				);
				MARKETING_VERSION = 1.0;
				PRODUCT_BUNDLE_IDENTIFIER = "Usman-Kulaha.DISwinject";
				PRODUCT_NAME = "$(TARGET_NAME)";
				SWIFT_EMIT_LOC_STRINGS = YES;
				SWIFT_VERSION = 5.0;
				TARGETED_DEVICE_FAMILY = "1,2";
			};
			name = Release;
		};
/* End XCBuildConfiguration section */

/* Begin XCConfigurationList section */
		04DE75262828E4DE00B4DD62 /* Build configuration list for PBXProject "DISwinject" */ = {
			isa = XCConfigurationList;
			buildConfigurations = (
				04DE753D2828E4E100B4DD62 /* Debug */,
				04DE753E2828E4E100B4DD62 /* Release */,
			);
			defaultConfigurationIsVisible = 0;
			defaultConfigurationName = Release;
		};
		04DE753F2828E4E100B4DD62 /* Build configuration list for PBXNativeTarget "DISwinject" */ = {
			isa = XCConfigurationList;
			buildConfigurations = (
				04DE75402828E4E100B4DD62 /* Debug */,
				04DE75412828E4E100B4DD62 /* Release */,
			);
			defaultConfigurationIsVisible = 0;
			defaultConfigurationName = Release;
		};
/* End XCConfigurationList section */
	};
	rootObject = 04DE75232828E4DE00B4DD62 /* Project object */;
}
